
Microsoft Visual Studio Solution File, Format Version 12.00
# Visual Studio 2015
Project("{FAE04EC0-301F-11D3-BF4B-00C04F79EFBC}") = "xlua", "xlua.csproj", "{7AC5E7AA-1A39-2113-BFAC-EB294BA96F85}"
EndProject
Project("{FAE04EC0-301F-11D3-BF4B-00C04F79EFBC}") = "xlua.Editor", "xlua.Editor.csproj", "{1A46D16E-3E12-4AE0-098C-992E21C6BB3A}"
EndProject
Global
	GlobalSection(SolutionConfigurationPlatforms) = preSolution
		Debug|Any CPU = Debug|Any CPU
		Release|Any CPU = Release|Any CPU
	EndGlobalSection
	GlobalSection(ProjectConfigurationPlatforms) = postSolution
		{7AC5E7AA-1A39-2113-BFAC-EB294BA96F85}.Debug|Any CPU.ActiveCfg = Debug|Any CPU
		{7AC5E7AA-1A39-2113-BFAC-EB294BA96F85}.Debug|Any CPU.Build.0 = Debug|Any CPU
		{7AC5E7AA-1A39-2113-BFAC-EB294BA96F85}.Release|Any CPU.ActiveCfg = Release|Any CPU
		{7AC5E7AA-1A39-2113-BFAC-EB294BA96F85}.Release|Any CPU.Build.0 = Release|Any CPU
		{1A46D16E-3E12-4AE0-098C-992E21C6BB3A}.Debug|Any CPU.ActiveCfg = Debug|Any CPU
		{1A46D16E-3E12-4AE0-098C-992E21C6BB3A}.Debug|Any CPU.Build.0 = Debug|Any CPU
		{1A46D16E-3E12-4AE0-098C-992E21C6BB3A}.Release|Any CPU.ActiveCfg = Release|Any CPU
		{1A46D16E-3E12-4AE0-098C-992E21C6BB3A}.Release|Any CPU.Build.0 = Release|Any CPU
	EndGlobalSection
	GlobalSection(SolutionProperties) = preSolution
		HideSolutionNode = FALSE
	EndGlobalSection
EndGlobal
